// !$*UTF8*$!
{
	archiveVersion = 1;
	classes = {
	};
	objectVersion = 46;
	objects = {

/* Begin PBXBuildFile section */
		46AE5D121C73D35D003B2C16 /* AppDelegate.swift in Sources */ = {isa = PBXBuildFile; fileRef = 46AE5D111C73D35D003B2C16 /* AppDelegate.swift */; };
		46AE5D141C73D35D003B2C16 /* FeedViewController.swift in Sources */ = {isa = PBXBuildFile; fileRef = 46AE5D131C73D35D003B2C16 /* FeedViewController.swift */; };
		46AE5D171C73D35D003B2C16 /* Main.storyboard in Resources */ = {isa = PBXBuildFile; fileRef = 46AE5D151C73D35D003B2C16 /* Main.storyboard */; };
		46AE5D191C73D35D003B2C16 /* Assets.xcassets in Resources */ = {isa = PBXBuildFile; fileRef = 46AE5D181C73D35D003B2C16 /* Assets.xcassets */; };
		46AE5D1C1C73D35D003B2C16 /* LaunchScreen.storyboard in Resources */ = {isa = PBXBuildFile; fileRef = 46AE5D1A1C73D35D003B2C16 /* LaunchScreen.storyboard */; };
		46E036161C7A83CB002B1515 /* DetailViewController.swift in Sources */ = {isa = PBXBuildFile; fileRef = 46E036151C7A83CB002B1515 /* DetailViewController.swift */; };
		46E036381C7AD53C002B1515 /* PhotoTableViewCell.swift in Sources */ = {isa = PBXBuildFile; fileRef = 46E036371C7AD53C002B1515 /* PhotoTableViewCell.swift */; };
		46E0363C1C7CF923002B1515 /* Photo.swift in Sources */ = {isa = PBXBuildFile; fileRef = 46E0363B1C7CF923002B1515 /* Photo.swift */; };
/* End PBXBuildFile section */

/* Begin PBXFileReference section */
		46AE5D0E1C73D35D003B2C16 /* P500X.app */ = {isa = PBXFileReference; explicitFileType = wrapper.application; includeInIndex = 0; path = P500X.app; sourceTree = BUILT_PRODUCTS_DIR; };
		46AE5D111C73D35D003B2C16 /* AppDelegate.swift */ = {isa = PBXFileReference; lastKnownFileType = sourcecode.swift; path = AppDelegate.swift; sourceTree = "<group>"; };
		46AE5D131C73D35D003B2C16 /* FeedViewController.swift */ = {isa = PBXFileReference; lastKnownFileType = sourcecode.swift; path = FeedViewController.swift; sourceTree = "<group>"; };
		46AE5D161C73D35D003B2C16 /* Base */ = {isa = PBXFileReference; lastKnownFileType = file.storyboard; name = Base; path = Base.lproj/Main.storyboard; sourceTree = "<group>"; };
		46AE5D181C73D35D003B2C16 /* Assets.xcassets */ = {isa = PBXFileReference; lastKnownFileType = folder.assetcatalog; path = Assets.xcassets; sourceTree = "<group>"; };
		46AE5D1B1C73D35D003B2C16 /* Base */ = {isa = PBXFileReference; lastKnownFileType = file.storyboard; name = Base; path = Base.lproj/LaunchScreen.storyboard; sourceTree = "<group>"; };
		46AE5D1D1C73D35D003B2C16 /* Info.plist */ = {isa = PBXFileReference; lastKnownFileType = text.plist.xml; path = Info.plist; sourceTree = "<group>"; };
		46E036151C7A83CB002B1515 /* DetailViewController.swift */ = {isa = PBXFileReference; fileEncoding = 4; lastKnownFileType = sourcecode.swift; name = DetailViewController.swift; path = ../DetailViewController.swift; sourceTree = "<group>"; };
		46E036371C7AD53C002B1515 /* PhotoTableViewCell.swift */ = {isa = PBXFileReference; fileEncoding = 4; lastKnownFileType = sourcecode.swift; path = PhotoTableViewCell.swift; sourceTree = "<group>"; };
		46E0363B1C7CF923002B1515 /* Photo.swift */ = {isa = PBXFileReference; fileEncoding = 4; lastKnownFileType = sourcecode.swift; path = Photo.swift; sourceTree = "<group>"; };
/* End PBXFileReference section */

/* Begin PBXFrameworksBuildPhase section */
		46AE5D0B1C73D35D003B2C16 /* Frameworks */ = {
			isa = PBXFrameworksBuildPhase;
			buildActionMask = 2147483647;
			files = (
			);
			runOnlyForDeploymentPostprocessing = 0;
		};
/* End PBXFrameworksBuildPhase section */

/* Begin PBXGroup section */
		46AE5D051C73D35D003B2C16 = {
			isa = PBXGroup;
			children = (
				46AE5D101C73D35D003B2C16 /* P500X */,
				46AE5D0F1C73D35D003B2C16 /* Products */,
			);
			sourceTree = "<group>";
		};
		46AE5D0F1C73D35D003B2C16 /* Products */ = {
			isa = PBXGroup;
			children = (
				46AE5D0E1C73D35D003B2C16 /* P500X.app */,
			);
			name = Products;
			sourceTree = "<group>";
		};
		46AE5D101C73D35D003B2C16 /* P500X */ = {
			isa = PBXGroup;
			children = (
				46E035F21C768DF7002B1515 /* Logic */,
				46AE5D131C73D35D003B2C16 /* FeedViewController.swift */,
				46E036371C7AD53C002B1515 /* PhotoTableViewCell.swift */,
				46E036151C7A83CB002B1515 /* DetailViewController.swift */,
				46E0363B1C7CF923002B1515 /* Photo.swift */,
				46AE5D151C73D35D003B2C16 /* Main.storyboard */,
			);
			path = P500X;
			sourceTree = "<group>";
		};
		46E035F21C768DF7002B1515 /* Logic */ = {
			isa = PBXGroup;
			children = (
				46AE5D181C73D35D003B2C16 /* Assets.xcassets */,
				46AE5D111C73D35D003B2C16 /* AppDelegate.swift */,
				46AE5D1D1C73D35D003B2C16 /* Info.plist */,
				46AE5D1A1C73D35D003B2C16 /* LaunchScreen.storyboard */,
			);
			name = Logic;
			sourceTree = "<group>";
		};
/* End PBXGroup section */

/* Begin PBXNativeTarget section */
		46AE5D0D1C73D35D003B2C16 /* P500X */ = {
			isa = PBXNativeTarget;
			buildConfigurationList = 46AE5D201C73D35D003B2C16 /* Build configuration list for PBXNativeTarget "P500X" */;
			buildPhases = (
				46AE5D0A1C73D35D003B2C16 /* Sources */,
				46AE5D0B1C73D35D003B2C16 /* Frameworks */,
				46AE5D0C1C73D35D003B2C16 /* Resources */,
			);
			buildRules = (
			);
			dependencies = (
			);
			name = P500X;
			productName = P500X;
			productReference = 46AE5D0E1C73D35D003B2C16 /* P500X.app */;
			productType = "com.apple.product-type.application";
		};
/* End PBXNativeTarget section */

/* Begin PBXProject section */
		46AE5D061C73D35D003B2C16 /* Project object */ = {
			isa = PBXProject;
			attributes = {
				LastSwiftUpdateCheck = 0720;
				LastUpgradeCheck = 0720;
				ORGANIZATIONNAME = rupasharma;
				TargetAttributes = {
					46AE5D0D1C73D35D003B2C16 = {
						CreatedOnToolsVersion = 7.2.1;
					};
				};
			};
			buildConfigurationList = 46AE5D091C73D35D003B2C16 /* Build configuration list for PBXProject "P500X" */;
			compatibilityVersion = "Xcode 3.2";
			developmentRegion = English;
			hasScannedForEncodings = 0;
			knownRegions = (
				en,
				Base,
			);
			mainGroup = 46AE5D051C73D35D003B2C16;
			productRefGroup = 46AE5D0F1C73D35D003B2C16 /* Products */;
			projectDirPath = "";
			projectRoot = "";
			targets = (
				46AE5D0D1C73D35D003B2C16 /* P500X */,
			);
		};
/* End PBXProject section */

/* Begin PBXResourcesBuildPhase section */
		46AE5D0C1C73D35D003B2C16 /* Resources */ = {
			isa = PBXResourcesBuildPhase;
			buildActionMask = 2147483647;
			files = (
				46AE5D1C1C73D35D003B2C16 /* LaunchScreen.storyboard in Resources */,
				46AE5D191C73D35D003B2C16 /* Assets.xcassets in Resources */,
				46AE5D171C73D35D003B2C16 /* Main.storyboard in Resources */,
			);
			runOnlyForDeploymentPostprocessing = 0;
		};
/* End PBXResourcesBuildPhase section */

/* Begin PBXSourcesBuildPhase section */
		46AE5D0A1C73D35D003B2C16 /* Sources */ = {
			isa = PBXSourcesBuildPhase;
			buildActionMask = 2147483647;
			files = (
				46E036161C7A83CB002B1515 /* DetailViewController.swift in Sources */,
				46E036381C7AD53C002B1515 /* PhotoTableViewCell.swift in Sources */,
				46AE5D141C73D35D003B2C16 /* FeedViewController.swift in Sources */,
				46AE5D121C73D35D003B2C16 /* AppDelegate.swift in Sources */,
				46E0363C1C7CF923002B1515 /* Photo.swift in Sources */,
			);
			runOnlyForDeploymentPostprocessing = 0;
		};
/* End PBXSourcesBuildPhase section */

/* Begin PBXVariantGroup section */
		46AE5D151C73D35D003B2C16 /* Main.storyboard */ = {
			isa = PBXVariantGroup;
			children = (
				46AE5D161C73D35D003B2C16 /* Base */,
			);
			name = Main.storyboard;
			sourceTree = "<group>";
		};
		46AE5D1A1C73D35D003B2C16 /* LaunchScreen.storyboard */ = {
			isa = PBXVariantGroup;
			children = (
				46AE5D1B1C73D35D003B2C16 /* Base */,
			);
			name = LaunchScreen.storyboard;
			sourceTree = "<group>";
		};
/* End PBXVariantGroup section */

/* Begin XCBuildConfiguration section */
		46AE5D1E1C73D35D003B2C16 /* Debug */ = {
			isa = XCBuildConfiguration;
			buildSettings = {
				ALWAYS_SEARCH_USER_PATHS = NO;
				CLANG_CXX_LANGUAGE_STANDARD = "gnu++0x";
				CLANG_CXX_LIBRARY = "libc++";
				CLANG_ENABLE_MODULES = YES;
				CLANG_ENABLE_OBJC_ARC = YES;
				CLANG_WARN_BOOL_CONVERSION = YES;
				CLANG_WARN_CONSTANT_CONVERSION = YES;
				CLANG_WARN_DIRECT_OBJC_ISA_USAGE = YES_ERROR;
				CLANG_WARN_EMPTY_BODY = YES;
				CLANG_WARN_ENUM_CONVERSION = YES;
				CLANG_WARN_INT_CONVERSION = YES;
				CLANG_WARN_OBJC_ROOT_CLASS = YES_ERROR;
				CLANG_WARN_UNREACHABLE_CODE = YES;
				CLANG_WARN__DUPLICATE_METHOD_MATCH = YES;
				"CODE_SIGN_IDENTITY[sdk=iphoneos*]" = "iPhone Developer";
				COPY_PHASE_STRIP = NO;
				DEBUG_INFORMATION_FORMAT = dwarf;
				ENABLE_STRICT_OBJC_MSGSEND = YES;
				ENABLE_TESTABILITY = YES;
				GCC_C_LANGUAGE_STANDARD = gnu99;
				GCC_DYNAMIC_NO_PIC = NO;
				GCC_NO_COMMON_BLOCKS = YES;
				GCC_OPTIMIZATION_LEVEL = 0;
				GCC_PREPROCESSOR_DEFINITIONS = (
					"DEBUG=1",
					"$(inherited)",
				);
				GCC_WARN_64_TO_32_BIT_CONVERSION = YES;
				GCC_WARN_ABOUT_RETURN_TYPE = YES_ERROR;
				GCC_WARN_UNDECLARED_SELECTOR = YES;
				GCC_WARN_UNINITIALIZED_AUTOS = YES_AGGRESSIVE;
				GCC_WARN_UNUSED_FUNCTION = YES;
				GCC_WARN_UNUSED_VARIABLE = YES;
				IPHONEOS_DEPLOYMENT_TARGET = 9.2;
				MTL_ENABLE_DEBUG_INFO = YES;
				ONLY_ACTIVE_ARCH = YES;
				SDKROOT = iphoneos;
				SWIFT_OPTIMIZATION_LEVEL = "-Onone";
			};
			name = Debug;
		};
		46AE5D1F1C73D35D003B2C16 /* Release */ = {
			isa = XCBuildConfiguration;
			buildSettings = {
				ALWAYS_SEARCH_USER_PATHS = NO;
				CLANG_CXX_LANGUAGE_STANDARD = "gnu++0x";
				CLANG_CXX_LIBRARY = "libc++";
				CLANG_ENABLE_MODULES = YES;
				CLANG_ENABLE_OBJC_ARC = YES;
				CLANG_WARN_BOOL_CONVERSION = YES;
				CLANG_WARN_CONSTANT_CONVERSION = YES;
				CLANG_WARN_DIRECT_OBJC_ISA_USAGE = YES_ERROR;
				CLANG_WARN_EMPTY_BODY = YES;
				CLANG_WARN_ENUM_CONVERSION = YES;
				CLANG_WARN_INT_CONVERSION = YES;
				CLANG_WARN_OBJC_ROOT_CLASS = YES_ERROR;
				CLANG_WARN_UNREACHABLE_CODE = YES;
				CLANG_WARN__DUPLICATE_METHOD_MATCH = YES;
				"CODE_SIGN_IDENTITY[sdk=iphoneos*]" = "iPhone Developer";
				COPY_PHASE_STRIP = NO;
				DEBUG_INFORMATION_FORMAT = "dwarf-with-dsym";
				ENABLE_NS_ASSERTIONS = NO;
				ENABLE_STRICT_OBJC_MSGSEND = YES;
				GCC_C_LANGUAGE_STANDARD = gnu99;
				GCC_NO_COMMON_BLOCKS = YES;
				GCC_WARN_64_TO_32_BIT_CONVERSION = YES;
				GCC_WARN_ABOUT_RETURN_TYPE = YES_ERROR;
				GCC_WARN_UNDECLARED_SELECTOR = YES;
				GCC_WARN_UNINITIALIZED_AUTOS = YES_AGGRESSIVE;
				GCC_WARN_UNUSED_FUNCTION = YES;
				GCC_WARN_UNUSED_VARIABLE = YES;
				IPHONEOS_DEPLOYMENT_TARGET = 9.2;
				MTL_ENABLE_DEBUG_INFO = NO;
				SDKROOT = iphoneos;
				VALIDATE_PRODUCT = YES;
			};
			name = Release;
		};
		46AE5D211C73D35D003B2C16 /* Debug */ = {
			isa = XCBuildConfiguration;
			buildSettings = {
				ASSETCATALOG_COMPILER_APPICON_NAME = AppIcon;
				INFOPLIST_FILE = P500X/Info.plist;
				LD_RUNPATH_SEARCH_PATHS = "$(inherited) @executable_path/Frameworks";
				PRODUCT_BUNDLE_IDENTIFIER = RS.P500X;
				PRODUCT_NAME = "$(TARGET_NAME)";
			};
			name = Debug;
		};
		46AE5D221C73D35D003B2C16 /* Release */ = {
			isa = XCBuildConfiguration;
			buildSettings = {
				ASSETCATALOG_COMPILER_APPICON_NAME = AppIcon;
				INFOPLIST_FILE = P500X/Info.plist;
				LD_RUNPATH_SEARCH_PATHS = "$(inherited) @executable_path/Frameworks";
				PRODUCT_BUNDLE_IDENTIFIER = RS.P500X;
				PRODUCT_NAME = "$(TARGET_NAME)";
			};
			name = Release;
		};
/* End XCBuildConfiguration section */

/* Begin XCConfigurationList section */
		46AE5D091C73D35D003B2C16 /* Build configuration list for PBXProject "P500X" */ = {
			isa = XCConfigurationList;
			buildConfigurations = (
				46AE5D1E1C73D35D003B2C16 /* Debug */,
				46AE5D1F1C73D35D003B2C16 /* Release */,
			);
			defaultConfigurationIsVisible = 0;
			defaultConfigurationName = Release;
		};
		46AE5D201C73D35D003B2C16 /* Build configuration list for PBXNativeTarget "P500X" */ = {
			isa = XCConfigurationList;
			buildConfigurations = (
				46AE5D211C73D35D003B2C16 /* Debug */,
				46AE5D221C73D35D003B2C16 /* Release */,
			);
			defaultConfigurationIsVisible = 0;
			defaultConfigurationName = Release;
		};
/* End XCConfigurationList section */
	};
	rootObject = 46AE5D061C73D35D003B2C16 /* Project object */;
}
